// !$*UTF8*$!
{
	archiveVersion = 1;
	classes = {
	};
	objectVersion = 50;
	objects = {

/* Begin PBXBuildFile section */
		397AD8B0243CABE7007F21E8 /* AppDelegate.swift in Sources */ = {isa = PBXBuildFile; fileRef = 397AD8AF243CABE7007F21E8 /* AppDelegate.swift */; };
		397AD8B2243CABE7007F21E8 /* SceneDelegate.swift in Sources */ = {isa = PBXBuildFile; fileRef = 397AD8B1243CABE7007F21E8 /* SceneDelegate.swift */; };
		397AD8B4243CABE7007F21E8 /* ViewController.swift in Sources */ = {isa = PBXBuildFile; fileRef = 397AD8B3243CABE7007F21E8 /* ViewController.swift */; };
		397AD8B7243CABE7007F21E8 /* Main.storyboard in Resources */ = {isa = PBXBuildFile; fileRef = 397AD8B5243CABE7007F21E8 /* Main.storyboard */; };
		397AD8B9243CABEE007F21E8 /* Assets.xcassets in Resources */ = {isa = PBXBuildFile; fileRef = 397AD8B8243CABEE007F21E8 /* Assets.xcassets */; };
		397AD8BC243CABEE007F21E8 /* LaunchScreen.storyboard in Resources */ = {isa = PBXBuildFile; fileRef = 397AD8BA243CABEE007F21E8 /* LaunchScreen.storyboard */; };
/* End PBXBuildFile section */

/* Begin PBXFileReference section */
		397AD8AC243CABE7007F21E8 /* okashizukan.app */ = {isa = PBXFileReference; explicitFileType = wrapper.application; includeInIndex = 0; path = okashizukan.app; sourceTree = BUILT_PRODUCTS_DIR; };
		397AD8AF243CABE7007F21E8 /* AppDelegate.swift */ = {isa = PBXFileReference; lastKnownFileType = sourcecode.swift; path = AppDelegate.swift; sourceTree = "<group>"; };
		397AD8B1243CABE7007F21E8 /* SceneDelegate.swift */ = {isa = PBXFileReference; lastKnownFileType = sourcecode.swift; path = SceneDelegate.swift; sourceTree = "<group>"; };
		397AD8B3243CABE7007F21E8 /* ViewController.swift */ = {isa = PBXFileReference; lastKnownFileType = sourcecode.swift; path = ViewController.swift; sourceTree = "<group>"; };
		397AD8B6243CABE7007F21E8 /* Base */ = {isa = PBXFileReference; lastKnownFileType = file.storyboard; name = Base; path = Base.lproj/Main.storyboard; sourceTree = "<group>"; };
		397AD8B8243CABEE007F21E8 /* Assets.xcassets */ = {isa = PBXFileReference; lastKnownFileType = folder.assetcatalog; path = Assets.xcassets; sourceTree = "<group>"; };
		397AD8BB243CABEE007F21E8 /* Base */ = {isa = PBXFileReference; lastKnownFileType = file.storyboard; name = Base; path = Base.lproj/LaunchScreen.storyboard; sourceTree = "<group>"; };
		397AD8BD243CABEE007F21E8 /* Info.plist */ = {isa = PBXFileReference; lastKnownFileType = text.plist.xml; path = Info.plist; sourceTree = "<group>"; };
/* End PBXFileReference section */

/* Begin PBXFrameworksBuildPhase section */
		397AD8A9243CABE7007F21E8 /* Frameworks */ = {
			isa = PBXFrameworksBuildPhase;
			buildActionMask = 2147483647;
			files = (
			);
			runOnlyForDeploymentPostprocessing = 0;
		};
/* End PBXFrameworksBuildPhase section */

/* Begin PBXGroup section */
		397AD8A3243CABE6007F21E8 = {
			isa = PBXGroup;
			children = (
				397AD8AE243CABE7007F21E8 /* okashizukan */,
				397AD8AD243CABE7007F21E8 /* Products */,
			);
			sourceTree = "<group>";
		};
		397AD8AD243CABE7007F21E8 /* Products */ = {
			isa = PBXGroup;
			children = (
				397AD8AC243CABE7007F21E8 /* okashizukan.app */,
			);
			name = Products;
			sourceTree = "<group>";
		};
		397AD8AE243CABE7007F21E8 /* okashizukan */ = {
			isa = PBXGroup;
			children = (
				397AD8AF243CABE7007F21E8 /* AppDelegate.swift */,
				397AD8B1243CABE7007F21E8 /* SceneDelegate.swift */,
				397AD8B3243CABE7007F21E8 /* ViewController.swift */,
				397AD8B5243CABE7007F21E8 /* Main.storyboard */,
				397AD8B8243CABEE007F21E8 /* Assets.xcassets */,
				397AD8BA243CABEE007F21E8 /* LaunchScreen.storyboard */,
				397AD8BD243CABEE007F21E8 /* Info.plist */,
			);
			path = okashizukan;
			sourceTree = "<group>";
		};
/* End PBXGroup section */

/* Begin PBXNativeTarget section */
		397AD8AB243CABE7007F21E8 /* okashizukan */ = {
			isa = PBXNativeTarget;
			buildConfigurationList = 397AD8C0243CABEE007F21E8 /* Build configuration list for PBXNativeTarget "okashizukan" */;
			buildPhases = (
				397AD8A8243CABE7007F21E8 /* Sources */,
				397AD8A9243CABE7007F21E8 /* Frameworks */,
				397AD8AA243CABE7007F21E8 /* Resources */,
			);
			buildRules = (
			);
			dependencies = (
			);
			name = okashizukan;
			productName = okashizukan;
			productReference = 397AD8AC243CABE7007F21E8 /* okashizukan.app */;
			productType = "com.apple.product-type.application";
		};
/* End PBXNativeTarget section */

/* Begin PBXProject section */
		397AD8A4243CABE7007F21E8 /* Project object */ = {
			isa = PBXProject;
			attributes = {
				LastSwiftUpdateCheck = 1130;
				LastUpgradeCheck = 1130;
				ORGANIZATIONNAME = tk;
				TargetAttributes = {
					397AD8AB243CABE7007F21E8 = {
						CreatedOnToolsVersion = 11.3;
					};
				};
			};
			buildConfigurationList = 397AD8A7243CABE7007F21E8 /* Build configuration list for PBXProject "okashizukan" */;
			compatibilityVersion = "Xcode 9.3";
			developmentRegion = en;
			hasScannedForEncodings = 0;
			knownRegions = (
				en,
				Base,
			);
			mainGroup = 397AD8A3243CABE6007F21E8;
			productRefGroup = 397AD8AD243CABE7007F21E8 /* Products */;
			projectDirPath = "";
			projectRoot = "";
			targets = (
				397AD8AB243CABE7007F21E8 /* okashizukan */,
			);
		};
/* End PBXProject section */

/* Begin PBXResourcesBuildPhase section */
		397AD8AA243CABE7007F21E8 /* Resources */ = {
			isa = PBXResourcesBuildPhase;
			buildActionMask = 2147483647;
			files = (
				397AD8BC243CABEE007F21E8 /* LaunchScreen.storyboard in Resources */,
				397AD8B9243CABEE007F21E8 /* Assets.xcassets in Resources */,
				397AD8B7243CABE7007F21E8 /* Main.storyboard in Resources */,
			);
			runOnlyForDeploymentPostprocessing = 0;
		};
/* End PBXResourcesBuildPhase section */

/* Begin PBXSourcesBuildPhase section */
		397AD8A8243CABE7007F21E8 /* Sources */ = {
			isa = PBXSourcesBuildPhase;
			buildActionMask = 2147483647;
			files = (
				397AD8B4243CABE7007F21E8 /* ViewController.swift in Sources */,
				397AD8B0243CABE7007F21E8 /* AppDelegate.swift in Sources */,
				397AD8B2243CABE7007F21E8 /* SceneDelegate.swift in Sources */,
			);
			runOnlyForDeploymentPostprocessing = 0;
		};
/* End PBXSourcesBuildPhase section */

/* Begin PBXVariantGroup section */
		397AD8B5243CABE7007F21E8 /* Main.storyboard */ = {
			isa = PBXVariantGroup;
			children = (
				397AD8B6243CABE7007F21E8 /* Base */,
			);
			name = Main.storyboard;
			sourceTree = "<group>";
		};
		397AD8BA243CABEE007F21E8 /* LaunchScreen.storyboard */ = {
			isa = PBXVariantGroup;
			children = (
				397AD8BB243CABEE007F21E8 /* Base */,
			);
			name = LaunchScreen.storyboard;
			sourceTree = "<group>";
		};
/* End PBXVariantGroup section */

/* Begin XCBuildConfiguration section */
		397AD8BE243CABEE007F21E8 /* Debug */ = {
			isa = XCBuildConfiguration;
			buildSettings = {
				ALWAYS_SEARCH_USER_PATHS = NO;
				CLANG_ANALYZER_NONNULL = YES;
				CLANG_ANALYZER_NUMBER_OBJECT_CONVERSION = YES_AGGRESSIVE;
				CLANG_CXX_LANGUAGE_STANDARD = "gnu++14";
				CLANG_CXX_LIBRARY = "libc++";
				CLANG_ENABLE_MODULES = YES;
				CLANG_ENABLE_OBJC_ARC = YES;
				CLANG_ENABLE_OBJC_WEAK = YES;
				CLANG_WARN_BLOCK_CAPTURE_AUTORELEASING = YES;
				CLANG_WARN_BOOL_CONVERSION = YES;
				CLANG_WARN_COMMA = YES;
				CLANG_WARN_CONSTANT_CONVERSION = YES;
				CLANG_WARN_DEPRECATED_OBJC_IMPLEMENTATIONS = YES;
				CLANG_WARN_DIRECT_OBJC_ISA_USAGE = YES_ERROR;
				CLANG_WARN_DOCUMENTATION_COMMENTS = YES;
				CLANG_WARN_EMPTY_BODY = YES;
				CLANG_WARN_ENUM_CONVERSION = YES;
				CLANG_WARN_INFINITE_RECURSION = YES;
				CLANG_WARN_INT_CONVERSION = YES;
				CLANG_WARN_NON_LITERAL_NULL_CONVERSION = YES;
				CLANG_WARN_OBJC_IMPLICIT_RETAIN_SELF = YES;
				CLANG_WARN_OBJC_LITERAL_CONVERSION = YES;
				CLANG_WARN_OBJC_ROOT_CLASS = YES_ERROR;
				CLANG_WARN_RANGE_LOOP_ANALYSIS = YES;
				CLANG_WARN_STRICT_PROTOTYPES = YES;
				CLANG_WARN_SUSPICIOUS_MOVE = YES;
				CLANG_WARN_UNGUARDED_AVAILABILITY = YES_AGGRESSIVE;
				CLANG_WARN_UNREACHABLE_CODE = YES;
				CLANG_WARN__DUPLICATE_METHOD_MATCH = YES;
				COPY_PHASE_STRIP = NO;
				DEBUG_INFORMATION_FORMAT = dwarf;
				ENABLE_STRICT_OBJC_MSGSEND = YES;
				ENABLE_TESTABILITY = YES;
				GCC_C_LANGUAGE_STANDARD = gnu11;
				GCC_DYNAMIC_NO_PIC = NO;
				GCC_NO_COMMON_BLOCKS = YES;
				GCC_OPTIMIZATION_LEVEL = 0;
				GCC_PREPROCESSOR_DEFINITIONS = (
					"DEBUG=1",
					"$(inherited)",
				);
				GCC_WARN_64_TO_32_BIT_CONVERSION = YES;
				GCC_WARN_ABOUT_RETURN_TYPE = YES_ERROR;
				GCC_WARN_UNDECLARED_SELECTOR = YES;
				GCC_WARN_UNINITIALIZED_AUTOS = YES_AGGRESSIVE;
				GCC_WARN_UNUSED_FUNCTION = YES;
				GCC_WARN_UNUSED_VARIABLE = YES;
				IPHONEOS_DEPLOYMENT_TARGET = 13.2;
				MTL_ENABLE_DEBUG_INFO = INCLUDE_SOURCE;
				MTL_FAST_MATH = YES;
				ONLY_ACTIVE_ARCH = YES;
				SDKROOT = iphoneos;
				SWIFT_ACTIVE_COMPILATION_CONDITIONS = DEBUG;
				SWIFT_OPTIMIZATION_LEVEL = "-Onone";
			};
			name = Debug;
		};
		397AD8BF243CABEE007F21E8 /* Release */ = {
			isa = XCBuildConfiguration;
			buildSettings = {
				ALWAYS_SEARCH_USER_PATHS = NO;
				CLANG_ANALYZER_NONNULL = YES;
				CLANG_ANALYZER_NUMBER_OBJECT_CONVERSION = YES_AGGRESSIVE;
				CLANG_CXX_LANGUAGE_STANDARD = "gnu++14";
				CLANG_CXX_LIBRARY = "libc++";
				CLANG_ENABLE_MODULES = YES;
				CLANG_ENABLE_OBJC_ARC = YES;
				CLANG_ENABLE_OBJC_WEAK = YES;
				CLANG_WARN_BLOCK_CAPTURE_AUTORELEASING = YES;
				CLANG_WARN_BOOL_CONVERSION = YES;
				CLANG_WARN_COMMA = YES;
				CLANG_WARN_CONSTANT_CONVERSION = YES;
				CLANG_WARN_DEPRECATED_OBJC_IMPLEMENTATIONS = YES;
				CLANG_WARN_DIRECT_OBJC_ISA_USAGE = YES_ERROR;
				CLANG_WARN_DOCUMENTATION_COMMENTS = YES;
				CLANG_WARN_EMPTY_BODY = YES;
				CLANG_WARN_ENUM_CONVERSION = YES;
				CLANG_WARN_INFINITE_RECURSION = YES;
				CLANG_WARN_INT_CONVERSION = YES;
				CLANG_WARN_NON_LITERAL_NULL_CONVERSION = YES;
				CLANG_WARN_OBJC_IMPLICIT_RETAIN_SELF = YES;
				CLANG_WARN_OBJC_LITERAL_CONVERSION = YES;
				CLANG_WARN_OBJC_ROOT_CLASS = YES_ERROR;
				CLANG_WARN_RANGE_LOOP_ANALYSIS = YES;
				CLANG_WARN_STRICT_PROTOTYPES = YES;
				CLANG_WARN_SUSPICIOUS_MOVE = YES;
				CLANG_WARN_UNGUARDED_AVAILABILITY = YES_AGGRESSIVE;
				CLANG_WARN_UNREACHABLE_CODE = YES;
				CLANG_WARN__DUPLICATE_METHOD_MATCH = YES;
				COPY_PHASE_STRIP = NO;
				DEBUG_INFORMATION_FORMAT = "dwarf-with-dsym";
				ENABLE_NS_ASSERTIONS = NO;
				ENABLE_STRICT_OBJC_MSGSEND = YES;
				GCC_C_LANGUAGE_STANDARD = gnu11;
				GCC_NO_COMMON_BLOCKS = YES;
				GCC_WARN_64_TO_32_BIT_CONVERSION = YES;
				GCC_WARN_ABOUT_RETURN_TYPE = YES_ERROR;
				GCC_WARN_UNDECLARED_SELECTOR = YES;
				GCC_WARN_UNINITIALIZED_AUTOS = YES_AGGRESSIVE;
				GCC_WARN_UNUSED_FUNCTION = YES;
				GCC_WARN_UNUSED_VARIABLE = YES;
				IPHONEOS_DEPLOYMENT_TARGET = 13.2;
				MTL_ENABLE_DEBUG_INFO = NO;
				MTL_FAST_MATH = YES;
				SDKROOT = iphoneos;
				SWIFT_COMPILATION_MODE = wholemodule;
				SWIFT_OPTIMIZATION_LEVEL = "-O";
				VALIDATE_PRODUCT = YES;
			};
			name = Release;
		};
		397AD8C1243CABEE007F21E8 /* Debug */ = {
			isa = XCBuildConfiguration;
			buildSettings = {
				ASSETCATALOG_COMPILER_APPICON_NAME = AppIcon;
				CODE_SIGN_STYLE = Automatic;
				DEVELOPMENT_TEAM = UN8UZKY2BZ;
				INFOPLIST_FILE = okashizukan/Info.plist;
				LD_RUNPATH_SEARCH_PATHS = (
					"$(inherited)",
					"@executable_path/Frameworks",
				);
				PRODUCT_BUNDLE_IDENTIFIER = jp.hotmail.oseans.okashizukan;
				PRODUCT_NAME = "$(TARGET_NAME)";
				SWIFT_VERSION = 5.0;
				TARGETED_DEVICE_FAMILY = "1,2";
			};
			name = Debug;
		};
		397AD8C2243CABEE007F21E8 /* Release */ = {
			isa = XCBuildConfiguration;
			buildSettings = {
				ASSETCATALOG_COMPILER_APPICON_NAME = AppIcon;
				CODE_SIGN_STYLE = Automatic;
				DEVELOPMENT_TEAM = UN8UZKY2BZ;
				INFOPLIST_FILE = okashizukan/Info.plist;
				LD_RUNPATH_SEARCH_PATHS = (
					"$(inherited)",
					"@executable_path/Frameworks",
				);
				PRODUCT_BUNDLE_IDENTIFIER = jp.hotmail.oseans.okashizukan;
				PRODUCT_NAME = "$(TARGET_NAME)";
				SWIFT_VERSION = 5.0;
				TARGETED_DEVICE_FAMILY = "1,2";
			};
			name = Release;
		};
/* End XCBuildConfiguration section */

/* Begin XCConfigurationList section */
		397AD8A7243CABE7007F21E8 /* Build configuration list for PBXProject "okashizukan" */ = {
			isa = XCConfigurationList;
			buildConfigurations = (
				397AD8BE243CABEE007F21E8 /* Debug */,
				397AD8BF243CABEE007F21E8 /* Release */,
			);
			defaultConfigurationIsVisible = 0;
			defaultConfigurationName = Release;
		};
		397AD8C0243CABEE007F21E8 /* Build configuration list for PBXNativeTarget "okashizukan" */ = {
			isa = XCConfigurationList;
			buildConfigurations = (
				397AD8C1243CABEE007F21E8 /* Debug */,
				397AD8C2243CABEE007F21E8 /* Release */,
			);
			defaultConfigurationIsVisible = 0;
			defaultConfigurationName = Release;
		};
/* End XCConfigurationList section */
	};
	rootObject = 397AD8A4243CABE7007F21E8 /* Project object */;
}
